// !$*UTF8*$!
{
	archiveVersion = 1;
	classes = {
	};
	objectVersion = 56;
	objects = {

/* Begin PBXBuildFile section */
		BE856FF929ACCBCC000503EE /* DetailController.swift in Sources */ = {isa = PBXBuildFile; fileRef = BE856FF829ACCBCC000503EE /* DetailController.swift */; };
		BE856FFB29ACCBE1000503EE /* StartController.swift in Sources */ = {isa = PBXBuildFile; fileRef = BE856FFA29ACCBE1000503EE /* StartController.swift */; };
		BE856FFD29ACCD82000503EE /* StartViewModelTest.swift in Sources */ = {isa = PBXBuildFile; fileRef = BE856FFC29ACCD82000503EE /* StartViewModelTest.swift */; };
		BE856FFF29ACD125000503EE /* SwinjectableTest.swift in Sources */ = {isa = PBXBuildFile; fileRef = BE856FFE29ACD124000503EE /* SwinjectableTest.swift */; };
		BE885EF529A9D464005D26F7 /* AppFlowTest.swift in Sources */ = {isa = PBXBuildFile; fileRef = BE885EF429A9D464005D26F7 /* AppFlowTest.swift */; };
		BE8ACC2129A4E63D00994B05 /* Alamofire in Frameworks */ = {isa = PBXBuildFile; productRef = BE8ACC2029A4E63D00994B05 /* Alamofire */; };
		BE8ACC2429A4E67C00994B05 /* Moya in Frameworks */ = {isa = PBXBuildFile; productRef = BE8ACC2329A4E67C00994B05 /* Moya */; };
		BE8ACC2629A4E6E400994B05 /* MainRepository.swift in Sources */ = {isa = PBXBuildFile; fileRef = BE8ACC2529A4E6E400994B05 /* MainRepository.swift */; };
		BE8CF7E929A3BC980061D395 /* AppDelegate.swift in Sources */ = {isa = PBXBuildFile; fileRef = BE8CF7E829A3BC980061D395 /* AppDelegate.swift */; };
		BE8CF7ED29A3BC980061D395 /* StartController.swift in Sources */ = {isa = PBXBuildFile; fileRef = BE8CF7EC29A3BC980061D395 /* StartController.swift */; };
		BE8CF7F229A3BC9C0061D395 /* Assets.xcassets in Resources */ = {isa = PBXBuildFile; fileRef = BE8CF7F129A3BC9C0061D395 /* Assets.xcassets */; };
		BE8CF80329A3BE250061D395 /* PresentableView.swift in Sources */ = {isa = PBXBuildFile; fileRef = BE8CF80229A3BE250061D395 /* PresentableView.swift */; };
		BE8CF80629A3BEB00061D395 /* RxCocoa in Frameworks */ = {isa = PBXBuildFile; productRef = BE8CF80529A3BEB00061D395 /* RxCocoa */; };
		BE8CF80829A3BEB00061D395 /* RxSwift in Frameworks */ = {isa = PBXBuildFile; productRef = BE8CF80729A3BEB00061D395 /* RxSwift */; };
		BE8CF80B29A3BED50061D395 /* Action in Frameworks */ = {isa = PBXBuildFile; productRef = BE8CF80A29A3BED50061D395 /* Action */; };
		BE8CF80E29A3BEFD0061D395 /* SnapKit in Frameworks */ = {isa = PBXBuildFile; productRef = BE8CF80D29A3BEFD0061D395 /* SnapKit */; };
		BE8CF81029A3C0080061D395 /* BaseViewController.swift in Sources */ = {isa = PBXBuildFile; fileRef = BE8CF80F29A3C0080061D395 /* BaseViewController.swift */; };
		BE8CF81329A3C0520061D395 /* SwinjectAutoregistration in Frameworks */ = {isa = PBXBuildFile; productRef = BE8CF81229A3C0520061D395 /* SwinjectAutoregistration */; };
		BE8CF81529A3C0830061D395 /* Swinjectable.swift in Sources */ = {isa = PBXBuildFile; fileRef = BE8CF81429A3C0830061D395 /* Swinjectable.swift */; };
		BE8CF81729A3C3B90061D395 /* SwinjectService.swift in Sources */ = {isa = PBXBuildFile; fileRef = BE8CF81629A3C3B90061D395 /* SwinjectService.swift */; };
		BE8CF81929A3C3E60061D395 /* ModulesAssembly.swift in Sources */ = {isa = PBXBuildFile; fileRef = BE8CF81829A3C3E60061D395 /* ModulesAssembly.swift */; };
		BE8CF81B29A3C4700061D395 /* StartPresentable.swift in Sources */ = {isa = PBXBuildFile; fileRef = BE8CF81A29A3C4700061D395 /* StartPresentable.swift */; };
		BE8CF81D29A3C4870061D395 /* StartViewModel.swift in Sources */ = {isa = PBXBuildFile; fileRef = BE8CF81C29A3C4870061D395 /* StartViewModel.swift */; };
		BE9017E529A4A73D00C12B44 /* MainDataSource.swift in Sources */ = {isa = PBXBuildFile; fileRef = BE9017E429A4A73D00C12B44 /* MainDataSource.swift */; };
		BE9017E829A4A79F00C12B44 /* RxDataSources in Frameworks */ = {isa = PBXBuildFile; productRef = BE9017E729A4A79F00C12B44 /* RxDataSources */; };
		BEA0D31D29A9D93600486EF7 /* SnapshotTesting in Frameworks */ = {isa = PBXBuildFile; productRef = BEA0D31C29A9D93600486EF7 /* SnapshotTesting */; };
		BEB9BF9629B6EBBB00CBCDCF /* MainCell.swift in Sources */ = {isa = PBXBuildFile; fileRef = BEB9BF9529B6EBBB00CBCDCF /* MainCell.swift */; };
		BEBB18F729AC5CA00047EB64 /* MainControllerTest.swift in Sources */ = {isa = PBXBuildFile; fileRef = BEBB18F629AC5CA00047EB64 /* MainControllerTest.swift */; };
		BEBB18F929AC5D6B0047EB64 /* FakeMainRepository.swift in Sources */ = {isa = PBXBuildFile; fileRef = BEBB18F829AC5D6B0047EB64 /* FakeMainRepository.swift */; };
		BEBB190129AC8BA40047EB64 /* Nimble in Frameworks */ = {isa = PBXBuildFile; productRef = BEBB190029AC8BA40047EB64 /* Nimble */; };
		BEBB190329AC95E30047EB64 /* MainViewModelTest.swift in Sources */ = {isa = PBXBuildFile; fileRef = BEBB190229AC95E30047EB64 /* MainViewModelTest.swift */; };
		BEC4749129B58F9500790D7C /* LabelBuilder.swift in Sources */ = {isa = PBXBuildFile; fileRef = BEC4748E29B58F9500790D7C /* LabelBuilder.swift */; };
		BEC77F7929A46DCD003E47DF /* DetailController.swift in Sources */ = {isa = PBXBuildFile; fileRef = BEC77F7829A46DCD003E47DF /* DetailController.swift */; };
		BEC77F7B29A46DDC003E47DF /* DetailViewModel.swift in Sources */ = {isa = PBXBuildFile; fileRef = BEC77F7A29A46DDC003E47DF /* DetailViewModel.swift */; };
		BEC77F7D29A46DEC003E47DF /* DetailPresentable.swift in Sources */ = {isa = PBXBuildFile; fileRef = BEC77F7C29A46DEC003E47DF /* DetailPresentable.swift */; };
		BEC77F7F29A46DFC003E47DF /* MainController.swift in Sources */ = {isa = PBXBuildFile; fileRef = BEC77F7E29A46DFC003E47DF /* MainController.swift */; };
		BEC77F8129A46E0A003E47DF /* MainPresentable.swift in Sources */ = {isa = PBXBuildFile; fileRef = BEC77F8029A46E0A003E47DF /* MainPresentable.swift */; };
		BEC77F8329A46E19003E47DF /* MainViewModel.swift in Sources */ = {isa = PBXBuildFile; fileRef = BEC77F8229A46E19003E47DF /* MainViewModel.swift */; };
		BEC77F8629A474D1003E47DF /* AppFlow.swift in Sources */ = {isa = PBXBuildFile; fileRef = BEC77F8529A474D1003E47DF /* AppFlow.swift */; };
		BEC77F8929A47599003E47DF /* RxFlow in Frameworks */ = {isa = PBXBuildFile; productRef = BEC77F8829A47599003E47DF /* RxFlow */; };
		BEC77F8B29A47954003E47DF /* MainFlow.swift in Sources */ = {isa = PBXBuildFile; fileRef = BEC77F8A29A47953003E47DF /* MainFlow.swift */; };
		BED9F74729A9FA4800A004A9 /* RxCocoa in Frameworks */ = {isa = PBXBuildFile; productRef = BED9F74629A9FA4800A004A9 /* RxCocoa */; settings = {ATTRIBUTES = (Weak, ); }; };
		BEE7FAAB29A5C724009DE917 /* MainTargetType.swift in Sources */ = {isa = PBXBuildFile; fileRef = BEE7FAAA29A5C724009DE917 /* MainTargetType.swift */; };
		BEE7FAAD29A5D578009DE917 /* MoyaProvider+Rx.swift in Sources */ = {isa = PBXBuildFile; fileRef = BEE7FAAC29A5D578009DE917 /* MoyaProvider+Rx.swift */; };
		BEE7FAAF29A5DB1D009DE917 /* UserModel.swift in Sources */ = {isa = PBXBuildFile; fileRef = BEE7FAAE29A5DB1D009DE917 /* UserModel.swift */; };
		BEE7FAB129A5E1B0009DE917 /* ServiceAssembly.swift in Sources */ = {isa = PBXBuildFile; fileRef = BEE7FAB029A5E1B0009DE917 /* ServiceAssembly.swift */; };
		BEE7FAB429A5FA77009DE917 /* Kingfisher in Frameworks */ = {isa = PBXBuildFile; productRef = BEE7FAB329A5FA77009DE917 /* Kingfisher */; };
		BEE7FAB629A5FA9B009DE917 /* UIImageView+Rx.swift in Sources */ = {isa = PBXBuildFile; fileRef = BEE7FAB529A5FA9B009DE917 /* UIImageView+Rx.swift */; };
		BEFC10EA29AA1905007E8E9A /* fakeUsers.json in Resources */ = {isa = PBXBuildFile; fileRef = BEFC10E929AA1905007E8E9A /* fakeUsers.json */; };
		BEFC10EC29AA286C007E8E9A /* MainFlowTest.swift in Sources */ = {isa = PBXBuildFile; fileRef = BEFC10EB29AA286C007E8E9A /* MainFlowTest.swift */; };
/* End PBXBuildFile section */

/* Begin PBXContainerItemProxy section */
		BE885EF629A9D464005D26F7 /* PBXContainerItemProxy */ = {
			isa = PBXContainerItemProxy;
			containerPortal = BE8CF7DD29A3BC980061D395 /* Project object */;
			proxyType = 1;
			remoteGlobalIDString = BE8CF7E429A3BC980061D395;
			remoteInfo = DemoRxSwiftProject;
		};
/* End PBXContainerItemProxy section */

/* Begin PBXFileReference section */
		BE856FF829ACCBCC000503EE /* DetailController.swift */ = {isa = PBXFileReference; lastKnownFileType = sourcecode.swift; path = DetailController.swift; sourceTree = "<group>"; };
		BE856FFA29ACCBE1000503EE /* StartController.swift */ = {isa = PBXFileReference; lastKnownFileType = sourcecode.swift; path = StartController.swift; sourceTree = "<group>"; };
		BE856FFC29ACCD82000503EE /* StartViewModelTest.swift */ = {isa = PBXFileReference; lastKnownFileType = sourcecode.swift; path = StartViewModelTest.swift; sourceTree = "<group>"; };
		BE856FFE29ACD124000503EE /* SwinjectableTest.swift */ = {isa = PBXFileReference; lastKnownFileType = sourcecode.swift; path = SwinjectableTest.swift; sourceTree = "<group>"; };
		BE885EF229A9D464005D26F7 /* CoinCapTests.xctest */ = {isa = PBXFileReference; explicitFileType = wrapper.cfbundle; includeInIndex = 0; path = CoinCapTests.xctest; sourceTree = BUILT_PRODUCTS_DIR; };
		BE885EF429A9D464005D26F7 /* AppFlowTest.swift */ = {isa = PBXFileReference; lastKnownFileType = sourcecode.swift; path = AppFlowTest.swift; sourceTree = "<group>"; };
		BE8ACC2529A4E6E400994B05 /* MainRepository.swift */ = {isa = PBXFileReference; lastKnownFileType = sourcecode.swift; path = MainRepository.swift; sourceTree = "<group>"; };
		BE8CF7E529A3BC980061D395 /* CoinCap.app */ = {isa = PBXFileReference; explicitFileType = wrapper.application; includeInIndex = 0; path = CoinCap.app; sourceTree = BUILT_PRODUCTS_DIR; };
		BE8CF7E829A3BC980061D395 /* AppDelegate.swift */ = {isa = PBXFileReference; lastKnownFileType = sourcecode.swift; path = AppDelegate.swift; sourceTree = "<group>"; };
		BE8CF7EC29A3BC980061D395 /* StartController.swift */ = {isa = PBXFileReference; lastKnownFileType = sourcecode.swift; path = StartController.swift; sourceTree = "<group>"; };
		BE8CF7F129A3BC9C0061D395 /* Assets.xcassets */ = {isa = PBXFileReference; lastKnownFileType = folder.assetcatalog; path = Assets.xcassets; sourceTree = "<group>"; };
		BE8CF7F629A3BC9C0061D395 /* Info.plist */ = {isa = PBXFileReference; lastKnownFileType = text.plist.xml; path = Info.plist; sourceTree = "<group>"; };
		BE8CF80229A3BE250061D395 /* PresentableView.swift */ = {isa = PBXFileReference; lastKnownFileType = sourcecode.swift; path = PresentableView.swift; sourceTree = "<group>"; };
		BE8CF80F29A3C0080061D395 /* BaseViewController.swift */ = {isa = PBXFileReference; lastKnownFileType = sourcecode.swift; path = BaseViewController.swift; sourceTree = "<group>"; };
		BE8CF81429A3C0830061D395 /* Swinjectable.swift */ = {isa = PBXFileReference; lastKnownFileType = sourcecode.swift; path = Swinjectable.swift; sourceTree = "<group>"; };
		BE8CF81629A3C3B90061D395 /* SwinjectService.swift */ = {isa = PBXFileReference; lastKnownFileType = sourcecode.swift; path = SwinjectService.swift; sourceTree = "<group>"; };
		BE8CF81829A3C3E60061D395 /* ModulesAssembly.swift */ = {isa = PBXFileReference; lastKnownFileType = sourcecode.swift; path = ModulesAssembly.swift; sourceTree = "<group>"; };
		BE8CF81A29A3C4700061D395 /* StartPresentable.swift */ = {isa = PBXFileReference; lastKnownFileType = sourcecode.swift; path = StartPresentable.swift; sourceTree = "<group>"; };
		BE8CF81C29A3C4870061D395 /* StartViewModel.swift */ = {isa = PBXFileReference; lastKnownFileType = sourcecode.swift; path = StartViewModel.swift; sourceTree = "<group>"; };
		BE9017E429A4A73D00C12B44 /* MainDataSource.swift */ = {isa = PBXFileReference; lastKnownFileType = sourcecode.swift; path = MainDataSource.swift; sourceTree = "<group>"; };
		BEB9BF9529B6EBBB00CBCDCF /* MainCell.swift */ = {isa = PBXFileReference; lastKnownFileType = sourcecode.swift; path = MainCell.swift; sourceTree = "<group>"; };
		BEBB18F629AC5CA00047EB64 /* MainControllerTest.swift */ = {isa = PBXFileReference; lastKnownFileType = sourcecode.swift; path = MainControllerTest.swift; sourceTree = "<group>"; };
		BEBB18F829AC5D6B0047EB64 /* FakeMainRepository.swift */ = {isa = PBXFileReference; lastKnownFileType = sourcecode.swift; path = FakeMainRepository.swift; sourceTree = "<group>"; };
		BEBB190229AC95E30047EB64 /* MainViewModelTest.swift */ = {isa = PBXFileReference; lastKnownFileType = sourcecode.swift; path = MainViewModelTest.swift; sourceTree = "<group>"; };
		BEC4748E29B58F9500790D7C /* LabelBuilder.swift */ = {isa = PBXFileReference; lastKnownFileType = sourcecode.swift; path = LabelBuilder.swift; sourceTree = "<group>"; };
		BEC77F7829A46DCD003E47DF /* DetailController.swift */ = {isa = PBXFileReference; lastKnownFileType = sourcecode.swift; path = DetailController.swift; sourceTree = "<group>"; };
		BEC77F7A29A46DDC003E47DF /* DetailViewModel.swift */ = {isa = PBXFileReference; lastKnownFileType = sourcecode.swift; path = DetailViewModel.swift; sourceTree = "<group>"; };
		BEC77F7C29A46DEC003E47DF /* DetailPresentable.swift */ = {isa = PBXFileReference; lastKnownFileType = sourcecode.swift; path = DetailPresentable.swift; sourceTree = "<group>"; };
		BEC77F7E29A46DFC003E47DF /* MainController.swift */ = {isa = PBXFileReference; lastKnownFileType = sourcecode.swift; path = MainController.swift; sourceTree = "<group>"; };
		BEC77F8029A46E0A003E47DF /* MainPresentable.swift */ = {isa = PBXFileReference; lastKnownFileType = sourcecode.swift; path = MainPresentable.swift; sourceTree = "<group>"; };
		BEC77F8229A46E19003E47DF /* MainViewModel.swift */ = {isa = PBXFileReference; lastKnownFileType = sourcecode.swift; path = MainViewModel.swift; sourceTree = "<group>"; };
		BEC77F8529A474D1003E47DF /* AppFlow.swift */ = {isa = PBXFileReference; lastKnownFileType = sourcecode.swift; path = AppFlow.swift; sourceTree = "<group>"; };
		BEC77F8A29A47953003E47DF /* MainFlow.swift */ = {isa = PBXFileReference; lastKnownFileType = sourcecode.swift; path = MainFlow.swift; sourceTree = "<group>"; };
		BEE7FAAA29A5C724009DE917 /* MainTargetType.swift */ = {isa = PBXFileReference; lastKnownFileType = sourcecode.swift; path = MainTargetType.swift; sourceTree = "<group>"; };
		BEE7FAAC29A5D578009DE917 /* MoyaProvider+Rx.swift */ = {isa = PBXFileReference; lastKnownFileType = sourcecode.swift; path = "MoyaProvider+Rx.swift"; sourceTree = "<group>"; };
		BEE7FAAE29A5DB1D009DE917 /* UserModel.swift */ = {isa = PBXFileReference; lastKnownFileType = sourcecode.swift; path = UserModel.swift; sourceTree = "<group>"; };
		BEE7FAB029A5E1B0009DE917 /* ServiceAssembly.swift */ = {isa = PBXFileReference; lastKnownFileType = sourcecode.swift; path = ServiceAssembly.swift; sourceTree = "<group>"; };
		BEE7FAB529A5FA9B009DE917 /* UIImageView+Rx.swift */ = {isa = PBXFileReference; lastKnownFileType = sourcecode.swift; path = "UIImageView+Rx.swift"; sourceTree = "<group>"; };
		BEFC10E929AA1905007E8E9A /* fakeUsers.json */ = {isa = PBXFileReference; fileEncoding = 4; lastKnownFileType = text.json; path = fakeUsers.json; sourceTree = "<group>"; };
		BEFC10EB29AA286C007E8E9A /* MainFlowTest.swift */ = {isa = PBXFileReference; lastKnownFileType = sourcecode.swift; path = MainFlowTest.swift; sourceTree = "<group>"; };
/* End PBXFileReference section */

/* Begin PBXFrameworksBuildPhase section */
		BE885EEF29A9D464005D26F7 /* Frameworks */ = {
			isa = PBXFrameworksBuildPhase;
			buildActionMask = 2147483647;
			files = (
				BEBB190129AC8BA40047EB64 /* Nimble in Frameworks */,
				BED9F74729A9FA4800A004A9 /* RxCocoa in Frameworks */,
				BEA0D31D29A9D93600486EF7 /* SnapshotTesting in Frameworks */,
			);
			runOnlyForDeploymentPostprocessing = 0;
		};
		BE8CF7E229A3BC980061D395 /* Frameworks */ = {
			isa = PBXFrameworksBuildPhase;
			buildActionMask = 2147483647;
			files = (
				BEC77F8929A47599003E47DF /* RxFlow in Frameworks */,
				BE8ACC2129A4E63D00994B05 /* Alamofire in Frameworks */,
				BE8ACC2429A4E67C00994B05 /* Moya in Frameworks */,
				BE8CF80829A3BEB00061D395 /* RxSwift in Frameworks */,
				BEE7FAB429A5FA77009DE917 /* Kingfisher in Frameworks */,
				BE8CF80E29A3BEFD0061D395 /* SnapKit in Frameworks */,
				BE8CF81329A3C0520061D395 /* SwinjectAutoregistration in Frameworks */,
				BE9017E829A4A79F00C12B44 /* RxDataSources in Frameworks */,
				BE8CF80629A3BEB00061D395 /* RxCocoa in Frameworks */,
				BE8CF80B29A3BED50061D395 /* Action in Frameworks */,
			);
			runOnlyForDeploymentPostprocessing = 0;
		};
/* End PBXFrameworksBuildPhase section */

/* Begin PBXGroup section */
		BE885EF329A9D464005D26F7 /* CoinCapTests */ = {
			isa = PBXGroup;
			children = (
				BE856FFE29ACD124000503EE /* SwinjectableTest.swift */,
				BEBB18F329AC5B8A0047EB64 /* StartScreen */,
				BEBB18F429AC5BB10047EB64 /* MainScreen */,
				BEBB18F529AC5BC90047EB64 /* DetailScreen */,
				BEBB18F229AC5B690047EB64 /* Flows */,
			);
			path = CoinCapTests;
			sourceTree = "<group>";
		};
		BE8CF7DC29A3BC980061D395 = {
			isa = PBXGroup;
			children = (
				BE8CF7E729A3BC980061D395 /* CoinCap */,
				BE885EF329A9D464005D26F7 /* CoinCapTests */,
				BE8CF7E629A3BC980061D395 /* Products */,
				BED9F74529A9FA4800A004A9 /* Frameworks */,
			);
			sourceTree = "<group>";
		};
		BE8CF7E629A3BC980061D395 /* Products */ = {
			isa = PBXGroup;
			children = (
				BE8CF7E529A3BC980061D395 /* CoinCap.app */,
				BE885EF229A9D464005D26F7 /* CoinCapTests.xctest */,
			);
			name = Products;
			sourceTree = "<group>";
		};
		BE8CF7E729A3BC980061D395 /* CoinCap */ = {
			isa = PBXGroup;
			children = (
				BEC77F8429A474C2003E47DF /* Flows */,
				BE8CF80129A3BD810061D395 /* SupportingFiles */,
				BEA4E90229AE1619008881A4 /* Swinject */,
				BE8CF80029A3BD680061D395 /* NetworkLayer */,
				BE8CF7FF29A3BD600061D395 /* Base */,
				BE8CF7FE29A3BD4A0061D395 /* StartScreen */,
				BE8CF7FD29A3BD410061D395 /* DetailScreen */,
				BE8CF7FC29A3BD370061D395 /* MainScreen */,
				BE8CF7F629A3BC9C0061D395 /* Info.plist */,
			);
			path = CoinCap;
			sourceTree = "<group>";
		};
		BE8CF7FC29A3BD370061D395 /* MainScreen */ = {
			isa = PBXGroup;
			children = (
				BEC77F7E29A46DFC003E47DF /* MainController.swift */,
				BEB9BF9729B6FA6600CBCDCF /* Views */,
				BE9017E429A4A73D00C12B44 /* MainDataSource.swift */,
				BEC77F8229A46E19003E47DF /* MainViewModel.swift */,
			);
			path = MainScreen;
			sourceTree = "<group>";
		};
		BE8CF7FD29A3BD410061D395 /* DetailScreen */ = {
			isa = PBXGroup;
			children = (
				BEC77F7829A46DCD003E47DF /* DetailController.swift */,
				BEC77F7A29A46DDC003E47DF /* DetailViewModel.swift */,
				BEC77F7C29A46DEC003E47DF /* DetailPresentable.swift */,
			);
			path = DetailScreen;
			sourceTree = "<group>";
		};
		BE8CF7FE29A3BD4A0061D395 /* StartScreen */ = {
			isa = PBXGroup;
			children = (
				BE8CF7EC29A3BC980061D395 /* StartController.swift */,
				BE8CF81C29A3C4870061D395 /* StartViewModel.swift */,
				BE8CF81A29A3C4700061D395 /* StartPresentable.swift */,
			);
			path = StartScreen;
			sourceTree = "<group>";
		};
		BE8CF7FF29A3BD600061D395 /* Base */ = {
			isa = PBXGroup;
			children = (
				BE8CF80229A3BE250061D395 /* PresentableView.swift */,
				BE8CF80F29A3C0080061D395 /* BaseViewController.swift */,
			);
			path = Base;
			sourceTree = "<group>";
		};
		BE8CF80029A3BD680061D395 /* NetworkLayer */ = {
			isa = PBXGroup;
			children = (
				BE8ACC2529A4E6E400994B05 /* MainRepository.swift */,
				BEA4E90329AE1641008881A4 /* Extensions */,
				BEE7FAAE29A5DB1D009DE917 /* UserModel.swift */,
				BEE7FAAC29A5D578009DE917 /* MoyaProvider+Rx.swift */,
				BEE7FAAA29A5C724009DE917 /* MainTargetType.swift */,
			);
			path = NetworkLayer;
			sourceTree = "<group>";
		};
		BE8CF80129A3BD810061D395 /* SupportingFiles */ = {
			isa = PBXGroup;
			children = (
				BE8CF7E829A3BC980061D395 /* AppDelegate.swift */,
				BE8CF7F129A3BC9C0061D395 /* Assets.xcassets */,
				BEC4749229B58FA900790D7C /* Builders */,
			);
			path = SupportingFiles;
			sourceTree = "<group>";
		};
		BEA4E90229AE1619008881A4 /* Swinject */ = {
			isa = PBXGroup;
			children = (
				BE8CF81629A3C3B90061D395 /* SwinjectService.swift */,
				BE8CF81829A3C3E60061D395 /* ModulesAssembly.swift */,
				BEE7FAB029A5E1B0009DE917 /* ServiceAssembly.swift */,
				BE8CF81429A3C0830061D395 /* Swinjectable.swift */,
			);
			path = Swinject;
			sourceTree = "<group>";
		};
		BEA4E90329AE1641008881A4 /* Extensions */ = {
			isa = PBXGroup;
			children = (
				BEE7FAB529A5FA9B009DE917 /* UIImageView+Rx.swift */,
			);
			path = Extensions;
			sourceTree = "<group>";
		};
		BEB9BF9729B6FA6600CBCDCF /* Views */ = {
			isa = PBXGroup;
			children = (
				BEC77F8029A46E0A003E47DF /* MainPresentable.swift */,
				BEB9BF9529B6EBBB00CBCDCF /* MainCell.swift */,
			);
			path = Views;
			sourceTree = "<group>";
		};
		BEBB18F229AC5B690047EB64 /* Flows */ = {
			isa = PBXGroup;
			children = (
				BE885EF429A9D464005D26F7 /* AppFlowTest.swift */,
				BEFC10EB29AA286C007E8E9A /* MainFlowTest.swift */,
			);
			path = Flows;
			sourceTree = "<group>";
		};
		BEBB18F329AC5B8A0047EB64 /* StartScreen */ = {
			isa = PBXGroup;
			children = (
				BE856FFA29ACCBE1000503EE /* StartController.swift */,
				BE856FFC29ACCD82000503EE /* StartViewModelTest.swift */,
			);
			name = StartScreen;
			path = Flows;
			sourceTree = "<group>";
		};
		BEBB18F429AC5BB10047EB64 /* MainScreen */ = {
			isa = PBXGroup;
			children = (
				BEBB18F629AC5CA00047EB64 /* MainControllerTest.swift */,
				BEBB18F829AC5D6B0047EB64 /* FakeMainRepository.swift */,
				BEBB190229AC95E30047EB64 /* MainViewModelTest.swift */,
				BEFC10E929AA1905007E8E9A /* fakeUsers.json */,
			);
			path = MainScreen;
			sourceTree = "<group>";
		};
		BEBB18F529AC5BC90047EB64 /* DetailScreen */ = {
			isa = PBXGroup;
			children = (
				BE856FF829ACCBCC000503EE /* DetailController.swift */,
			);
			path = DetailScreen;
			sourceTree = "<group>";
		};
		BEC4749229B58FA900790D7C /* Builders */ = {
			isa = PBXGroup;
			children = (
				BEC4748E29B58F9500790D7C /* LabelBuilder.swift */,
			);
			path = Builders;
			sourceTree = "<group>";
		};
		BEC77F8429A474C2003E47DF /* Flows */ = {
			isa = PBXGroup;
			children = (
				BEC77F8529A474D1003E47DF /* AppFlow.swift */,
				BEC77F8A29A47953003E47DF /* MainFlow.swift */,
			);
			path = Flows;
			sourceTree = "<group>";
		};
		BED9F74529A9FA4800A004A9 /* Frameworks */ = {
			isa = PBXGroup;
			children = (
			);
			name = Frameworks;
			sourceTree = "<group>";
		};
/* End PBXGroup section */

/* Begin PBXNativeTarget section */
		BE885EF129A9D464005D26F7 /* CoinCapTests */ = {
			isa = PBXNativeTarget;
			buildConfigurationList = BE885EFA29A9D464005D26F7 /* Build configuration list for PBXNativeTarget "CoinCapTests" */;
			buildPhases = (
				BE885EEE29A9D464005D26F7 /* Sources */,
				BE885EEF29A9D464005D26F7 /* Frameworks */,
				BE885EF029A9D464005D26F7 /* Resources */,
			);
			buildRules = (
			);
			dependencies = (
				BE885EF729A9D464005D26F7 /* PBXTargetDependency */,
			);
			name = CoinCapTests;
			packageProductDependencies = (
				BEA0D31C29A9D93600486EF7 /* SnapshotTesting */,
				BED9F74629A9FA4800A004A9 /* RxCocoa */,
				BEBB190029AC8BA40047EB64 /* Nimble */,
			);
			productName = DemoRxSwiftProjectTests;
			productReference = BE885EF229A9D464005D26F7 /* CoinCapTests.xctest */;
			productType = "com.apple.product-type.bundle.unit-test";
		};
		BE8CF7E429A3BC980061D395 /* CoinCap */ = {
			isa = PBXNativeTarget;
			buildConfigurationList = BE8CF7F929A3BC9C0061D395 /* Build configuration list for PBXNativeTarget "CoinCap" */;
			buildPhases = (
				BE8CF7E129A3BC980061D395 /* Sources */,
				BE8CF7E229A3BC980061D395 /* Frameworks */,
				BE8CF7E329A3BC980061D395 /* Resources */,
			);
			buildRules = (
			);
			dependencies = (
			);
			name = CoinCap;
			packageProductDependencies = (
				BE8CF80529A3BEB00061D395 /* RxCocoa */,
				BE8CF80729A3BEB00061D395 /* RxSwift */,
				BE8CF80A29A3BED50061D395 /* Action */,
				BE8CF80D29A3BEFD0061D395 /* SnapKit */,
				BE8CF81229A3C0520061D395 /* SwinjectAutoregistration */,
				BEC77F8829A47599003E47DF /* RxFlow */,
				BE9017E729A4A79F00C12B44 /* RxDataSources */,
				BE8ACC2029A4E63D00994B05 /* Alamofire */,
				BE8ACC2329A4E67C00994B05 /* Moya */,
				BEE7FAB329A5FA77009DE917 /* Kingfisher */,
			);
			productName = DemoRxSwiftProject;
			productReference = BE8CF7E529A3BC980061D395 /* CoinCap.app */;
			productType = "com.apple.product-type.application";
		};
/* End PBXNativeTarget section */

/* Begin PBXProject section */
		BE8CF7DD29A3BC980061D395 /* Project object */ = {
			isa = PBXProject;
			attributes = {
				BuildIndependentTargetsInParallel = 1;
				LastSwiftUpdateCheck = 1400;
				LastUpgradeCheck = 1400;
				TargetAttributes = {
					BE885EF129A9D464005D26F7 = {
						CreatedOnToolsVersion = 14.0.1;
						TestTargetID = BE8CF7E429A3BC980061D395;
					};
					BE8CF7E429A3BC980061D395 = {
						CreatedOnToolsVersion = 14.0.1;
					};
				};
			};
			buildConfigurationList = BE8CF7E029A3BC980061D395 /* Build configuration list for PBXProject "CoinCap" */;
			compatibilityVersion = "Xcode 14.0";
			developmentRegion = en;
			hasScannedForEncodings = 0;
			knownRegions = (
				en,
				Base,
			);
			mainGroup = BE8CF7DC29A3BC980061D395;
			packageReferences = (
				BE8CF80429A3BEB00061D395 /* XCRemoteSwiftPackageReference "RxSwift" */,
				BE8CF80929A3BED50061D395 /* XCRemoteSwiftPackageReference "Action" */,
				BE8CF80C29A3BEFD0061D395 /* XCRemoteSwiftPackageReference "SnapKit" */,
				BE8CF81129A3C0520061D395 /* XCRemoteSwiftPackageReference "SwinjectAutoregistration" */,
				BEC77F8729A47599003E47DF /* XCRemoteSwiftPackageReference "RxFlow" */,
				BE9017E629A4A79F00C12B44 /* XCRemoteSwiftPackageReference "RxDataSources" */,
				BE8ACC1F29A4E63D00994B05 /* XCRemoteSwiftPackageReference "Alamofire" */,
				BE8ACC2229A4E67C00994B05 /* XCRemoteSwiftPackageReference "Moya" */,
				BEE7FAB229A5FA77009DE917 /* XCRemoteSwiftPackageReference "Kingfisher" */,
				BEA0D31B29A9D93600486EF7 /* XCRemoteSwiftPackageReference "swift-snapshot-testing" */,
				BEBB18FF29AC8BA40047EB64 /* XCRemoteSwiftPackageReference "Nimble" */,
			);
			productRefGroup = BE8CF7E629A3BC980061D395 /* Products */;
			projectDirPath = "";
			projectRoot = "";
			targets = (
				BE8CF7E429A3BC980061D395 /* CoinCap */,
				BE885EF129A9D464005D26F7 /* CoinCapTests */,
			);
		};
/* End PBXProject section */

/* Begin PBXResourcesBuildPhase section */
		BE885EF029A9D464005D26F7 /* Resources */ = {
			isa = PBXResourcesBuildPhase;
			buildActionMask = 2147483647;
			files = (
				BEFC10EA29AA1905007E8E9A /* fakeUsers.json in Resources */,
			);
			runOnlyForDeploymentPostprocessing = 0;
		};
		BE8CF7E329A3BC980061D395 /* Resources */ = {
			isa = PBXResourcesBuildPhase;
			buildActionMask = 2147483647;
			files = (
				BE8CF7F229A3BC9C0061D395 /* Assets.xcassets in Resources */,
			);
			runOnlyForDeploymentPostprocessing = 0;
		};
/* End PBXResourcesBuildPhase section */

/* Begin PBXSourcesBuildPhase section */
		BE885EEE29A9D464005D26F7 /* Sources */ = {
			isa = PBXSourcesBuildPhase;
			buildActionMask = 2147483647;
			files = (
				BE856FFF29ACD125000503EE /* SwinjectableTest.swift in Sources */,
				BEFC10EC29AA286C007E8E9A /* MainFlowTest.swift in Sources */,
				BE856FF929ACCBCC000503EE /* DetailController.swift in Sources */,
				BEBB190329AC95E30047EB64 /* MainViewModelTest.swift in Sources */,
				BEBB18F729AC5CA00047EB64 /* MainControllerTest.swift in Sources */,
				BEBB18F929AC5D6B0047EB64 /* FakeMainRepository.swift in Sources */,
				BE856FFD29ACCD82000503EE /* StartViewModelTest.swift in Sources */,
				BE856FFB29ACCBE1000503EE /* StartController.swift in Sources */,
				BE885EF529A9D464005D26F7 /* AppFlowTest.swift in Sources */,
			);
			runOnlyForDeploymentPostprocessing = 0;
		};
		BE8CF7E129A3BC980061D395 /* Sources */ = {
			isa = PBXSourcesBuildPhase;
			buildActionMask = 2147483647;
			files = (
				BE8CF81729A3C3B90061D395 /* SwinjectService.swift in Sources */,
				BEC77F8629A474D1003E47DF /* AppFlow.swift in Sources */,
				BEE7FAB129A5E1B0009DE917 /* ServiceAssembly.swift in Sources */,
				BE8CF81029A3C0080061D395 /* BaseViewController.swift in Sources */,
				BEC77F8129A46E0A003E47DF /* MainPresentable.swift in Sources */,
				BEC77F7D29A46DEC003E47DF /* DetailPresentable.swift in Sources */,
				BE8CF80329A3BE250061D395 /* PresentableView.swift in Sources */,
				BEC77F8329A46E19003E47DF /* MainViewModel.swift in Sources */,
				BEE7FAB629A5FA9B009DE917 /* UIImageView+Rx.swift in Sources */,
				BE8CF7ED29A3BC980061D395 /* StartController.swift in Sources */,
				BE8CF81D29A3C4870061D395 /* StartViewModel.swift in Sources */,
				BE8CF81B29A3C4700061D395 /* StartPresentable.swift in Sources */,
				BEE7FAAF29A5DB1D009DE917 /* UserModel.swift in Sources */,
				BE8CF7E929A3BC980061D395 /* AppDelegate.swift in Sources */,
				BE8ACC2629A4E6E400994B05 /* MainRepository.swift in Sources */,
				BE8CF81929A3C3E60061D395 /* ModulesAssembly.swift in Sources */,
				BEC77F7929A46DCD003E47DF /* DetailController.swift in Sources */,
				BEE7FAAB29A5C724009DE917 /* MainTargetType.swift in Sources */,
				BEC77F7B29A46DDC003E47DF /* DetailViewModel.swift in Sources */,
				BEC77F8B29A47954003E47DF /* MainFlow.swift in Sources */,
				BEB9BF9629B6EBBB00CBCDCF /* MainCell.swift in Sources */,
				BEC4749129B58F9500790D7C /* LabelBuilder.swift in Sources */,
				BEC77F7F29A46DFC003E47DF /* MainController.swift in Sources */,
				BE8CF81529A3C0830061D395 /* Swinjectable.swift in Sources */,
				BEE7FAAD29A5D578009DE917 /* MoyaProvider+Rx.swift in Sources */,
				BE9017E529A4A73D00C12B44 /* MainDataSource.swift in Sources */,
			);
			runOnlyForDeploymentPostprocessing = 0;
		};
/* End PBXSourcesBuildPhase section */

/* Begin PBXTargetDependency section */
		BE885EF729A9D464005D26F7 /* PBXTargetDependency */ = {
			isa = PBXTargetDependency;
			target = BE8CF7E429A3BC980061D395 /* CoinCap */;
			targetProxy = BE885EF629A9D464005D26F7 /* PBXContainerItemProxy */;
		};
/* End PBXTargetDependency section */

/* Begin XCBuildConfiguration section */
		BE885EF829A9D464005D26F7 /* Debug */ = {
			isa = XCBuildConfiguration;
			buildSettings = {
				BUNDLE_LOADER = "$(TEST_HOST)";
				CODE_SIGN_STYLE = Automatic;
				CURRENT_PROJECT_VERSION = 1;
				DEVELOPMENT_TEAM = KV4GN5FNLZ;
				GENERATE_INFOPLIST_FILE = YES;
				MARKETING_VERSION = 1.0;
				PRODUCT_BUNDLE_IDENTIFIER = Magomed.DemoRxSwiftProjectTests;
				PRODUCT_NAME = "$(TARGET_NAME)";
				SWIFT_EMIT_LOC_STRINGS = NO;
				SWIFT_VERSION = 5.0;
				TARGETED_DEVICE_FAMILY = "1,2";
				TEST_HOST = "$(BUILT_PRODUCTS_DIR)/CoinCap.app/$(BUNDLE_EXECUTABLE_FOLDER_PATH)/CoinCap";
			};
			name = Debug;
		};
		BE885EF929A9D464005D26F7 /* Release */ = {
			isa = XCBuildConfiguration;
			buildSettings = {
				BUNDLE_LOADER = "$(TEST_HOST)";
				CODE_SIGN_STYLE = Automatic;
				CURRENT_PROJECT_VERSION = 1;
				DEVELOPMENT_TEAM = KV4GN5FNLZ;
				GENERATE_INFOPLIST_FILE = YES;
				MARKETING_VERSION = 1.0;
				PRODUCT_BUNDLE_IDENTIFIER = Magomed.DemoRxSwiftProjectTests;
				PRODUCT_NAME = "$(TARGET_NAME)";
				SWIFT_EMIT_LOC_STRINGS = NO;
				SWIFT_VERSION = 5.0;
				TARGETED_DEVICE_FAMILY = "1,2";
				TEST_HOST = "$(BUILT_PRODUCTS_DIR)/CoinCap.app/$(BUNDLE_EXECUTABLE_FOLDER_PATH)/CoinCap";
			};
			name = Release;
		};
		BE8CF7F729A3BC9C0061D395 /* Debug */ = {
			isa = XCBuildConfiguration;
			buildSettings = {
				ALWAYS_SEARCH_USER_PATHS = NO;
				CLANG_ANALYZER_NONNULL = YES;
				CLANG_ANALYZER_NUMBER_OBJECT_CONVERSION = YES_AGGRESSIVE;
				CLANG_CXX_LANGUAGE_STANDARD = "gnu++20";
				CLANG_ENABLE_MODULES = YES;
				CLANG_ENABLE_OBJC_ARC = YES;
				CLANG_ENABLE_OBJC_WEAK = YES;
				CLANG_USE_OPTIMIZATION_PROFILE = NO;
				CLANG_WARN_BLOCK_CAPTURE_AUTORELEASING = YES;
				CLANG_WARN_BOOL_CONVERSION = YES;
				CLANG_WARN_COMMA = YES;
				CLANG_WARN_CONSTANT_CONVERSION = YES;
				CLANG_WARN_DEPRECATED_OBJC_IMPLEMENTATIONS = YES;
				CLANG_WARN_DIRECT_OBJC_ISA_USAGE = YES_ERROR;
				CLANG_WARN_DOCUMENTATION_COMMENTS = YES;
				CLANG_WARN_EMPTY_BODY = YES;
				CLANG_WARN_ENUM_CONVERSION = YES;
				CLANG_WARN_INFINITE_RECURSION = YES;
				CLANG_WARN_INT_CONVERSION = YES;
				CLANG_WARN_NON_LITERAL_NULL_CONVERSION = YES;
				CLANG_WARN_OBJC_IMPLICIT_RETAIN_SELF = YES;
				CLANG_WARN_OBJC_LITERAL_CONVERSION = YES;
				CLANG_WARN_OBJC_ROOT_CLASS = YES_ERROR;
				CLANG_WARN_QUOTED_INCLUDE_IN_FRAMEWORK_HEADER = YES;
				CLANG_WARN_RANGE_LOOP_ANALYSIS = YES;
				CLANG_WARN_STRICT_PROTOTYPES = YES;
				CLANG_WARN_SUSPICIOUS_MOVE = YES;
				CLANG_WARN_UNGUARDED_AVAILABILITY = YES_AGGRESSIVE;
				CLANG_WARN_UNREACHABLE_CODE = YES;
				CLANG_WARN__DUPLICATE_METHOD_MATCH = YES;
				COPY_PHASE_STRIP = NO;
				DEBUG_INFORMATION_FORMAT = dwarf;
				ENABLE_STRICT_OBJC_MSGSEND = YES;
				ENABLE_TESTABILITY = YES;
				GCC_C_LANGUAGE_STANDARD = gnu11;
				GCC_DYNAMIC_NO_PIC = NO;
				GCC_NO_COMMON_BLOCKS = YES;
				GCC_OPTIMIZATION_LEVEL = 0;
				GCC_PREPROCESSOR_DEFINITIONS = (
					"DEBUG=1",
					"$(inherited)",
				);
				GCC_WARN_64_TO_32_BIT_CONVERSION = YES;
				GCC_WARN_ABOUT_RETURN_TYPE = YES_ERROR;
				GCC_WARN_UNDECLARED_SELECTOR = YES;
				GCC_WARN_UNINITIALIZED_AUTOS = YES_AGGRESSIVE;
				GCC_WARN_UNUSED_FUNCTION = YES;
				GCC_WARN_UNUSED_VARIABLE = YES;
				IPHONEOS_DEPLOYMENT_TARGET = 13.0;
				MTL_ENABLE_DEBUG_INFO = INCLUDE_SOURCE;
				MTL_FAST_MATH = YES;
				ONLY_ACTIVE_ARCH = YES;
				SDKROOT = iphoneos;
				SWIFT_ACTIVE_COMPILATION_CONDITIONS = DEBUG;
				SWIFT_OPTIMIZATION_LEVEL = "-Onone";
			};
			name = Debug;
		};
		BE8CF7F829A3BC9C0061D395 /* Release */ = {
			isa = XCBuildConfiguration;
			buildSettings = {
				ALWAYS_SEARCH_USER_PATHS = NO;
				CLANG_ANALYZER_NONNULL = YES;
				CLANG_ANALYZER_NUMBER_OBJECT_CONVERSION = YES_AGGRESSIVE;
				CLANG_CXX_LANGUAGE_STANDARD = "gnu++20";
				CLANG_ENABLE_MODULES = YES;
				CLANG_ENABLE_OBJC_ARC = YES;
				CLANG_ENABLE_OBJC_WEAK = YES;
				CLANG_USE_OPTIMIZATION_PROFILE = NO;
				CLANG_WARN_BLOCK_CAPTURE_AUTORELEASING = YES;
				CLANG_WARN_BOOL_CONVERSION = YES;
				CLANG_WARN_COMMA = YES;
				CLANG_WARN_CONSTANT_CONVERSION = YES;
				CLANG_WARN_DEPRECATED_OBJC_IMPLEMENTATIONS = YES;
				CLANG_WARN_DIRECT_OBJC_ISA_USAGE = YES_ERROR;
				CLANG_WARN_DOCUMENTATION_COMMENTS = YES;
				CLANG_WARN_EMPTY_BODY = YES;
				CLANG_WARN_ENUM_CONVERSION = YES;
				CLANG_WARN_INFINITE_RECURSION = YES;
				CLANG_WARN_INT_CONVERSION = YES;
				CLANG_WARN_NON_LITERAL_NULL_CONVERSION = YES;
				CLANG_WARN_OBJC_IMPLICIT_RETAIN_SELF = YES;
				CLANG_WARN_OBJC_LITERAL_CONVERSION = YES;
				CLANG_WARN_OBJC_ROOT_CLASS = YES_ERROR;
				CLANG_WARN_QUOTED_INCLUDE_IN_FRAMEWORK_HEADER = YES;
				CLANG_WARN_RANGE_LOOP_ANALYSIS = YES;
				CLANG_WARN_STRICT_PROTOTYPES = YES;
				CLANG_WARN_SUSPICIOUS_MOVE = YES;
				CLANG_WARN_UNGUARDED_AVAILABILITY = YES_AGGRESSIVE;
				CLANG_WARN_UNREACHABLE_CODE = YES;
				CLANG_WARN__DUPLICATE_METHOD_MATCH = YES;
				COPY_PHASE_STRIP = NO;
				DEBUG_INFORMATION_FORMAT = "dwarf-with-dsym";
				ENABLE_NS_ASSERTIONS = NO;
				ENABLE_STRICT_OBJC_MSGSEND = YES;
				GCC_C_LANGUAGE_STANDARD = gnu11;
				GCC_NO_COMMON_BLOCKS = YES;
				GCC_WARN_64_TO_32_BIT_CONVERSION = YES;
				GCC_WARN_ABOUT_RETURN_TYPE = YES_ERROR;
				GCC_WARN_UNDECLARED_SELECTOR = YES;
				GCC_WARN_UNINITIALIZED_AUTOS = YES_AGGRESSIVE;
				GCC_WARN_UNUSED_FUNCTION = YES;
				GCC_WARN_UNUSED_VARIABLE = YES;
				IPHONEOS_DEPLOYMENT_TARGET = 13.0;
				MTL_ENABLE_DEBUG_INFO = NO;
				MTL_FAST_MATH = YES;
				SDKROOT = iphoneos;
				SWIFT_COMPILATION_MODE = wholemodule;
				SWIFT_OPTIMIZATION_LEVEL = "-O";
				VALIDATE_PRODUCT = YES;
			};
			name = Release;
		};
		BE8CF7FA29A3BC9C0061D395 /* Debug */ = {
			isa = XCBuildConfiguration;
			buildSettings = {
				ASSETCATALOG_COMPILER_APPICON_NAME = AppIcon;
				ASSETCATALOG_COMPILER_GLOBAL_ACCENT_COLOR_NAME = AccentColor;
				CODE_SIGN_STYLE = Automatic;
				CURRENT_PROJECT_VERSION = 1;
				DEVELOPMENT_TEAM = 8895SV2C63;
				GENERATE_INFOPLIST_FILE = YES;
				INFOPLIST_FILE = CoinCap/Info.plist;
				INFOPLIST_KEY_UIApplicationSupportsIndirectInputEvents = YES;
				INFOPLIST_KEY_UILaunchStoryboardName = LaunchScreen;
				INFOPLIST_KEY_UISupportedInterfaceOrientations_iPad = "UIInterfaceOrientationPortrait UIInterfaceOrientationPortraitUpsideDown UIInterfaceOrientationLandscapeLeft UIInterfaceOrientationLandscapeRight";
				INFOPLIST_KEY_UISupportedInterfaceOrientations_iPhone = "UIInterfaceOrientationPortrait UIInterfaceOrientationLandscapeLeft UIInterfaceOrientationLandscapeRight";
				LD_RUNPATH_SEARCH_PATHS = (
					"$(inherited)",
					"@executable_path/Frameworks",
				);
				MARKETING_VERSION = 1.0;
				PRODUCT_BUNDLE_IDENTIFIER = bekbolsunCoinCap;
				PRODUCT_NAME = "$(TARGET_NAME)";
				SWIFT_EMIT_LOC_STRINGS = YES;
				SWIFT_VERSION = 5.0;
				TARGETED_DEVICE_FAMILY = "1,2";
			};
			name = Debug;
		};
		BE8CF7FB29A3BC9C0061D395 /* Release */ = {
			isa = XCBuildConfiguration;
			buildSettings = {
				ASSETCATALOG_COMPILER_APPICON_NAME = AppIcon;
				ASSETCATALOG_COMPILER_GLOBAL_ACCENT_COLOR_NAME = AccentColor;
				CODE_SIGN_STYLE = Automatic;
				CURRENT_PROJECT_VERSION = 1;
				DEVELOPMENT_TEAM = 8895SV2C63;
				GENERATE_INFOPLIST_FILE = YES;
				INFOPLIST_FILE = CoinCap/Info.plist;
				INFOPLIST_KEY_UIApplicationSupportsIndirectInputEvents = YES;
				INFOPLIST_KEY_UILaunchStoryboardName = LaunchScreen;
				INFOPLIST_KEY_UISupportedInterfaceOrientations_iPad = "UIInterfaceOrientationPortrait UIInterfaceOrientationPortraitUpsideDown UIInterfaceOrientationLandscapeLeft UIInterfaceOrientationLandscapeRight";
				INFOPLIST_KEY_UISupportedInterfaceOrientations_iPhone = "UIInterfaceOrientationPortrait UIInterfaceOrientationLandscapeLeft UIInterfaceOrientationLandscapeRight";
				LD_RUNPATH_SEARCH_PATHS = (
					"$(inherited)",
					"@executable_path/Frameworks",
				);
				MARKETING_VERSION = 1.0;
				PRODUCT_BUNDLE_IDENTIFIER = bekbolsunCoinCap;
				PRODUCT_NAME = "$(TARGET_NAME)";
				SWIFT_EMIT_LOC_STRINGS = YES;
				SWIFT_VERSION = 5.0;
				TARGETED_DEVICE_FAMILY = "1,2";
			};
			name = Release;
		};
/* End XCBuildConfiguration section */

/* Begin XCConfigurationList section */
		BE885EFA29A9D464005D26F7 /* Build configuration list for PBXNativeTarget "CoinCapTests" */ = {
			isa = XCConfigurationList;
			buildConfigurations = (
				BE885EF829A9D464005D26F7 /* Debug */,
				BE885EF929A9D464005D26F7 /* Release */,
			);
			defaultConfigurationIsVisible = 0;
			defaultConfigurationName = Release;
		};
		BE8CF7E029A3BC980061D395 /* Build configuration list for PBXProject "CoinCap" */ = {
			isa = XCConfigurationList;
			buildConfigurations = (
				BE8CF7F729A3BC9C0061D395 /* Debug */,
				BE8CF7F829A3BC9C0061D395 /* Release */,
			);
			defaultConfigurationIsVisible = 0;
			defaultConfigurationName = Release;
		};
		BE8CF7F929A3BC9C0061D395 /* Build configuration list for PBXNativeTarget "CoinCap" */ = {
			isa = XCConfigurationList;
			buildConfigurations = (
				BE8CF7FA29A3BC9C0061D395 /* Debug */,
				BE8CF7FB29A3BC9C0061D395 /* Release */,
			);
			defaultConfigurationIsVisible = 0;
			defaultConfigurationName = Release;
		};
/* End XCConfigurationList section */

/* Begin XCRemoteSwiftPackageReference section */
		BE8ACC1F29A4E63D00994B05 /* XCRemoteSwiftPackageReference "Alamofire" */ = {
			isa = XCRemoteSwiftPackageReference;
			repositoryURL = "https://github.com/Alamofire/Alamofire";
			requirement = {
				kind = upToNextMajorVersion;
				minimumVersion = 5.0.0;
			};
		};
		BE8ACC2229A4E67C00994B05 /* XCRemoteSwiftPackageReference "Moya" */ = {
			isa = XCRemoteSwiftPackageReference;
			repositoryURL = "https://github.com/Moya/Moya";
			requirement = {
				branch = master;
				kind = branch;
			};
		};
		BE8CF80429A3BEB00061D395 /* XCRemoteSwiftPackageReference "RxSwift" */ = {
			isa = XCRemoteSwiftPackageReference;
			repositoryURL = "https://github.com/ReactiveX/RxSwift";
			requirement = {
				branch = main;
				kind = branch;
			};
		};
		BE8CF80929A3BED50061D395 /* XCRemoteSwiftPackageReference "Action" */ = {
			isa = XCRemoteSwiftPackageReference;
			repositoryURL = "https://github.com/RxSwiftCommunity/Action";
			requirement = {
				branch = master;
				kind = branch;
			};
		};
		BE8CF80C29A3BEFD0061D395 /* XCRemoteSwiftPackageReference "SnapKit" */ = {
			isa = XCRemoteSwiftPackageReference;
			repositoryURL = "https://github.com/SnapKit/SnapKit";
			requirement = {
				branch = develop;
				kind = branch;
			};
		};
		BE8CF81129A3C0520061D395 /* XCRemoteSwiftPackageReference "SwinjectAutoregistration" */ = {
			isa = XCRemoteSwiftPackageReference;
			repositoryURL = "https://github.com/Swinject/SwinjectAutoregistration";
			requirement = {
				branch = master;
				kind = branch;
			};
		};
		BE9017E629A4A79F00C12B44 /* XCRemoteSwiftPackageReference "RxDataSources" */ = {
			isa = XCRemoteSwiftPackageReference;
			repositoryURL = "https://github.com/RxSwiftCommunity/RxDataSources";
			requirement = {
				branch = main;
				kind = branch;
			};
		};
		BEA0D31B29A9D93600486EF7 /* XCRemoteSwiftPackageReference "swift-snapshot-testing" */ = {
			isa = XCRemoteSwiftPackageReference;
			repositoryURL = "https://github.com/pointfreeco/swift-snapshot-testing";
			requirement = {
				kind = upToNextMajorVersion;
				minimumVersion = 1.0.0;
			};
		};
		BEBB18FF29AC8BA40047EB64 /* XCRemoteSwiftPackageReference "Nimble" */ = {
			isa = XCRemoteSwiftPackageReference;
			repositoryURL = "https://github.com/Quick/Nimble";
			requirement = {
				branch = main;
				kind = branch;
			};
		};
		BEC77F8729A47599003E47DF /* XCRemoteSwiftPackageReference "RxFlow" */ = {
			isa = XCRemoteSwiftPackageReference;
			repositoryURL = "https://github.com/RxSwiftCommunity/RxFlow?ysclid=ledp5q3ude543692492";
			requirement = {
				kind = upToNextMajorVersion;
				minimumVersion = 2.0.0;
			};
		};
		BEE7FAB229A5FA77009DE917 /* XCRemoteSwiftPackageReference "Kingfisher" */ = {
			isa = XCRemoteSwiftPackageReference;
			repositoryURL = "https://github.com/onevcat/Kingfisher?ysclid=lb97hbx8g7331233280";
			requirement = {
				branch = master;
				kind = branch;
			};
		};
/* End XCRemoteSwiftPackageReference section */

/* Begin XCSwiftPackageProductDependency section */
		BE8ACC2029A4E63D00994B05 /* Alamofire */ = {
			isa = XCSwiftPackageProductDependency;
			package = BE8ACC1F29A4E63D00994B05 /* XCRemoteSwiftPackageReference "Alamofire" */;
			productName = Alamofire;
		};
		BE8ACC2329A4E67C00994B05 /* Moya */ = {
			isa = XCSwiftPackageProductDependency;
			package = BE8ACC2229A4E67C00994B05 /* XCRemoteSwiftPackageReference "Moya" */;
			productName = Moya;
		};
		BE8CF80529A3BEB00061D395 /* RxCocoa */ = {
			isa = XCSwiftPackageProductDependency;
			package = BE8CF80429A3BEB00061D395 /* XCRemoteSwiftPackageReference "RxSwift" */;
			productName = RxCocoa;
		};
		BE8CF80729A3BEB00061D395 /* RxSwift */ = {
			isa = XCSwiftPackageProductDependency;
			package = BE8CF80429A3BEB00061D395 /* XCRemoteSwiftPackageReference "RxSwift" */;
			productName = RxSwift;
		};
		BE8CF80A29A3BED50061D395 /* Action */ = {
			isa = XCSwiftPackageProductDependency;
			package = BE8CF80929A3BED50061D395 /* XCRemoteSwiftPackageReference "Action" */;
			productName = Action;
		};
		BE8CF80D29A3BEFD0061D395 /* SnapKit */ = {
			isa = XCSwiftPackageProductDependency;
			package = BE8CF80C29A3BEFD0061D395 /* XCRemoteSwiftPackageReference "SnapKit" */;
			productName = SnapKit;
		};
		BE8CF81229A3C0520061D395 /* SwinjectAutoregistration */ = {
			isa = XCSwiftPackageProductDependency;
			package = BE8CF81129A3C0520061D395 /* XCRemoteSwiftPackageReference "SwinjectAutoregistration" */;
			productName = SwinjectAutoregistration;
		};
		BE9017E729A4A79F00C12B44 /* RxDataSources */ = {
			isa = XCSwiftPackageProductDependency;
			package = BE9017E629A4A79F00C12B44 /* XCRemoteSwiftPackageReference "RxDataSources" */;
			productName = RxDataSources;
		};
		BEA0D31C29A9D93600486EF7 /* SnapshotTesting */ = {
			isa = XCSwiftPackageProductDependency;
			package = BEA0D31B29A9D93600486EF7 /* XCRemoteSwiftPackageReference "swift-snapshot-testing" */;
			productName = SnapshotTesting;
		};
		BEBB190029AC8BA40047EB64 /* Nimble */ = {
			isa = XCSwiftPackageProductDependency;
			package = BEBB18FF29AC8BA40047EB64 /* XCRemoteSwiftPackageReference "Nimble" */;
			productName = Nimble;
		};
		BEC77F8829A47599003E47DF /* RxFlow */ = {
			isa = XCSwiftPackageProductDependency;
			package = BEC77F8729A47599003E47DF /* XCRemoteSwiftPackageReference "RxFlow" */;
			productName = RxFlow;
		};
		BED9F74629A9FA4800A004A9 /* RxCocoa */ = {
			isa = XCSwiftPackageProductDependency;
			package = BE8CF80429A3BEB00061D395 /* XCRemoteSwiftPackageReference "RxSwift" */;
			productName = RxCocoa;
		};
		BEE7FAB329A5FA77009DE917 /* Kingfisher */ = {
			isa = XCSwiftPackageProductDependency;
			package = BEE7FAB229A5FA77009DE917 /* XCRemoteSwiftPackageReference "Kingfisher" */;
			productName = Kingfisher;
		};
/* End XCSwiftPackageProductDependency section */
	};
	rootObject = BE8CF7DD29A3BC980061D395 /* Project object */;
}
